// !$*UTF8*$!
{
	archiveVersion = 1;
	classes = {
	};
	objectVersion = 46;
	objects = {

/* Begin PBXBuildFile section */
		14A1D36714AAC77C00C6CC5E /* UIKit.framework in Frameworks */ = {isa = PBXBuildFile; fileRef = 14A1D36614AAC77C00C6CC5E /* UIKit.framework */; };
		14A1D36914AAC77C00C6CC5E /* Foundation.framework in Frameworks */ = {isa = PBXBuildFile; fileRef = 14A1D36814AAC77C00C6CC5E /* Foundation.framework */; };
		14A1D36B14AAC77C00C6CC5E /* CoreGraphics.framework in Frameworks */ = {isa = PBXBuildFile; fileRef = 14A1D36A14AAC77C00C6CC5E /* CoreGraphics.framework */; };
		14A1D37114AAC77C00C6CC5E /* InfoPlist.strings in Resources */ = {isa = PBXBuildFile; fileRef = 14A1D36F14AAC77C00C6CC5E /* InfoPlist.strings */; };
		14A1D37314AAC77C00C6CC5E /* main.m in Sources */ = {isa = PBXBuildFile; fileRef = 14A1D37214AAC77C00C6CC5E /* main.m */; };
		14A1D37714AAC77C00C6CC5E /* Groubit_iPhoneAppDelegate.m in Sources */ = {isa = PBXBuildFile; fileRef = 14A1D37614AAC77C00C6CC5E /* Groubit_iPhoneAppDelegate.m */; };
		14A1D37B14AAC77C00C6CC5E /* Groubit_iPhoneAppDelegate_iPhone.m in Sources */ = {isa = PBXBuildFile; fileRef = 14A1D37A14AAC77C00C6CC5E /* Groubit_iPhoneAppDelegate_iPhone.m */; };
		14A1D37E14AAC77C00C6CC5E /* MainWindow_iPhone.xib in Resources */ = {isa = PBXBuildFile; fileRef = 14A1D37C14AAC77C00C6CC5E /* MainWindow_iPhone.xib */; };
		14A1D38214AAC77C00C6CC5E /* Groubit_iPhoneAppDelegate_iPad.m in Sources */ = {isa = PBXBuildFile; fileRef = 14A1D38114AAC77C00C6CC5E /* Groubit_iPhoneAppDelegate_iPad.m */; };
		14A1D38514AAC77C00C6CC5E /* MainWindow_iPad.xib in Resources */ = {isa = PBXBuildFile; fileRef = 14A1D38314AAC77C00C6CC5E /* MainWindow_iPad.xib */; };
		14A1D38D14AAC77C00C6CC5E /* SenTestingKit.framework in Frameworks */ = {isa = PBXBuildFile; fileRef = 14A1D38C14AAC77C00C6CC5E /* SenTestingKit.framework */; };
		14A1D38E14AAC77C00C6CC5E /* UIKit.framework in Frameworks */ = {isa = PBXBuildFile; fileRef = 14A1D36614AAC77C00C6CC5E /* UIKit.framework */; };
		14A1D38F14AAC77C00C6CC5E /* Foundation.framework in Frameworks */ = {isa = PBXBuildFile; fileRef = 14A1D36814AAC77C00C6CC5E /* Foundation.framework */; };
		14A1D39014AAC77C00C6CC5E /* CoreGraphics.framework in Frameworks */ = {isa = PBXBuildFile; fileRef = 14A1D36A14AAC77C00C6CC5E /* CoreGraphics.framework */; };
		14A1D39814AAC77C00C6CC5E /* InfoPlist.strings in Resources */ = {isa = PBXBuildFile; fileRef = 14A1D39614AAC77C00C6CC5E /* InfoPlist.strings */; };
		14A1D39A14AAC77C00C6CC5E /* Groubit_iPhoneTests.h in Resources */ = {isa = PBXBuildFile; fileRef = 14A1D39914AAC77C00C6CC5E /* Groubit_iPhoneTests.h */; };
		14A1D39C14AAC77C00C6CC5E /* Groubit_iPhoneTests.m in Sources */ = {isa = PBXBuildFile; fileRef = 14A1D39B14AAC77C00C6CC5E /* Groubit_iPhoneTests.m */; };
/* End PBXBuildFile section */

/* Begin PBXContainerItemProxy section */
		14A1D39114AAC77C00C6CC5E /* PBXContainerItemProxy */ = {
			isa = PBXContainerItemProxy;
			containerPortal = 14A1D35914AAC77C00C6CC5E /* Project object */;
			proxyType = 1;
			remoteGlobalIDString = 14A1D36114AAC77C00C6CC5E;
			remoteInfo = Groubit_iPhone;
		};
/* End PBXContainerItemProxy section */

/* Begin PBXFileReference section */
		14A1D36214AAC77C00C6CC5E /* Groubit_iPhone.app */ = {isa = PBXFileReference; explicitFileType = wrapper.application; includeInIndex = 0; path = Groubit_iPhone.app; sourceTree = BUILT_PRODUCTS_DIR; };
		14A1D36614AAC77C00C6CC5E /* UIKit.framework */ = {isa = PBXFileReference; lastKnownFileType = wrapper.framework; name = UIKit.framework; path = System/Library/Frameworks/UIKit.framework; sourceTree = SDKROOT; };
		14A1D36814AAC77C00C6CC5E /* Foundation.framework */ = {isa = PBXFileReference; lastKnownFileType = wrapper.framework; name = Foundation.framework; path = System/Library/Frameworks/Foundation.framework; sourceTree = SDKROOT; };
		14A1D36A14AAC77C00C6CC5E /* CoreGraphics.framework */ = {isa = PBXFileReference; lastKnownFileType = wrapper.framework; name = CoreGraphics.framework; path = System/Library/Frameworks/CoreGraphics.framework; sourceTree = SDKROOT; };
		14A1D36E14AAC77C00C6CC5E /* Groubit_iPhone-Info.plist */ = {isa = PBXFileReference; lastKnownFileType = text.plist.xml; path = "Groubit_iPhone-Info.plist"; sourceTree = "<group>"; };
		14A1D37014AAC77C00C6CC5E /* en */ = {isa = PBXFileReference; lastKnownFileType = text.plist.strings; name = en; path = en.lproj/InfoPlist.strings; sourceTree = "<group>"; };
		14A1D37214AAC77C00C6CC5E /* main.m */ = {isa = PBXFileReference; lastKnownFileType = sourcecode.c.objc; path = main.m; sourceTree = "<group>"; };
		14A1D37414AAC77C00C6CC5E /* Groubit_iPhone-Prefix.pch */ = {isa = PBXFileReference; lastKnownFileType = sourcecode.c.h; path = "Groubit_iPhone-Prefix.pch"; sourceTree = "<group>"; };
		14A1D37514AAC77C00C6CC5E /* Groubit_iPhoneAppDelegate.h */ = {isa = PBXFileReference; lastKnownFileType = sourcecode.c.h; path = Groubit_iPhoneAppDelegate.h; sourceTree = "<group>"; };
		14A1D37614AAC77C00C6CC5E /* Groubit_iPhoneAppDelegate.m */ = {isa = PBXFileReference; lastKnownFileType = sourcecode.c.objc; path = Groubit_iPhoneAppDelegate.m; sourceTree = "<group>"; };
		14A1D37914AAC77C00C6CC5E /* Groubit_iPhoneAppDelegate_iPhone.h */ = {isa = PBXFileReference; lastKnownFileType = sourcecode.c.h; name = Groubit_iPhoneAppDelegate_iPhone.h; path = iPhone/Groubit_iPhoneAppDelegate_iPhone.h; sourceTree = "<group>"; };
		14A1D37A14AAC77C00C6CC5E /* Groubit_iPhoneAppDelegate_iPhone.m */ = {isa = PBXFileReference; lastKnownFileType = sourcecode.c.objc; name = Groubit_iPhoneAppDelegate_iPhone.m; path = iPhone/Groubit_iPhoneAppDelegate_iPhone.m; sourceTree = "<group>"; };
		14A1D37D14AAC77C00C6CC5E /* en */ = {isa = PBXFileReference; lastKnownFileType = file.xib; name = en; path = iPhone/en.lproj/MainWindow_iPhone.xib; sourceTree = "<group>"; };
		14A1D38014AAC77C00C6CC5E /* Groubit_iPhoneAppDelegate_iPad.h */ = {isa = PBXFileReference; lastKnownFileType = sourcecode.c.h; name = Groubit_iPhoneAppDelegate_iPad.h; path = iPad/Groubit_iPhoneAppDelegate_iPad.h; sourceTree = "<group>"; };
		14A1D38114AAC77C00C6CC5E /* Groubit_iPhoneAppDelegate_iPad.m */ = {isa = PBXFileReference; lastKnownFileType = sourcecode.c.objc; name = Groubit_iPhoneAppDelegate_iPad.m; path = iPad/Groubit_iPhoneAppDelegate_iPad.m; sourceTree = "<group>"; };
		14A1D38414AAC77C00C6CC5E /* en */ = {isa = PBXFileReference; lastKnownFileType = file.xib; name = en; path = iPad/en.lproj/MainWindow_iPad.xib; sourceTree = "<group>"; };
		14A1D38B14AAC77C00C6CC5E /* Groubit_iPhoneTests.octest */ = {isa = PBXFileReference; explicitFileType = wrapper.cfbundle; includeInIndex = 0; path = Groubit_iPhoneTests.octest; sourceTree = BUILT_PRODUCTS_DIR; };
		14A1D38C14AAC77C00C6CC5E /* SenTestingKit.framework */ = {isa = PBXFileReference; lastKnownFileType = wrapper.framework; name = SenTestingKit.framework; path = Library/Frameworks/SenTestingKit.framework; sourceTree = DEVELOPER_DIR; };
		14A1D39514AAC77C00C6CC5E /* Groubit_iPhoneTests-Info.plist */ = {isa = PBXFileReference; lastKnownFileType = text.plist.xml; path = "Groubit_iPhoneTests-Info.plist"; sourceTree = "<group>"; };
		14A1D39714AAC77C00C6CC5E /* en */ = {isa = PBXFileReference; lastKnownFileType = text.plist.strings; name = en; path = en.lproj/InfoPlist.strings; sourceTree = "<group>"; };
		14A1D39914AAC77C00C6CC5E /* Groubit_iPhoneTests.h */ = {isa = PBXFileReference; lastKnownFileType = sourcecode.c.h; path = Groubit_iPhoneTests.h; sourceTree = "<group>"; };
		14A1D39B14AAC77C00C6CC5E /* Groubit_iPhoneTests.m */ = {isa = PBXFileReference; lastKnownFileType = sourcecode.c.objc; path = Groubit_iPhoneTests.m; sourceTree = "<group>"; };
/* End PBXFileReference section */

/* Begin PBXFrameworksBuildPhase section */
		14A1D35F14AAC77C00C6CC5E /* Frameworks */ = {
			isa = PBXFrameworksBuildPhase;
			buildActionMask = 2147483647;
			files = (
				14A1D36714AAC77C00C6CC5E /* UIKit.framework in Frameworks */,
				14A1D36914AAC77C00C6CC5E /* Foundation.framework in Frameworks */,
				14A1D36B14AAC77C00C6CC5E /* CoreGraphics.framework in Frameworks */,
			);
			runOnlyForDeploymentPostprocessing = 0;
		};
		14A1D38714AAC77C00C6CC5E /* Frameworks */ = {
			isa = PBXFrameworksBuildPhase;
			buildActionMask = 2147483647;
			files = (
				14A1D38D14AAC77C00C6CC5E /* SenTestingKit.framework in Frameworks */,
				14A1D38E14AAC77C00C6CC5E /* UIKit.framework in Frameworks */,
				14A1D38F14AAC77C00C6CC5E /* Foundation.framework in Frameworks */,
				14A1D39014AAC77C00C6CC5E /* CoreGraphics.framework in Frameworks */,
			);
			runOnlyForDeploymentPostprocessing = 0;
		};
/* End PBXFrameworksBuildPhase section */

/* Begin PBXGroup section */
		14A1D35714AAC77C00C6CC5E = {
			isa = PBXGroup;
			children = (
				14A1D36C14AAC77C00C6CC5E /* Groubit_iPhone */,
				14A1D39314AAC77C00C6CC5E /* Groubit_iPhoneTests */,
				14A1D36514AAC77C00C6CC5E /* Frameworks */,
				14A1D36314AAC77C00C6CC5E /* Products */,
			);
			sourceTree = "<group>";
		};
		14A1D36314AAC77C00C6CC5E /* Products */ = {
			isa = PBXGroup;
			children = (
				14A1D36214AAC77C00C6CC5E /* Groubit_iPhone.app */,
				14A1D38B14AAC77C00C6CC5E /* Groubit_iPhoneTests.octest */,
			);
			name = Products;
			sourceTree = "<group>";
		};
		14A1D36514AAC77C00C6CC5E /* Frameworks */ = {
			isa = PBXGroup;
			children = (
				14A1D36614AAC77C00C6CC5E /* UIKit.framework */,
				14A1D36814AAC77C00C6CC5E /* Foundation.framework */,
				14A1D36A14AAC77C00C6CC5E /* CoreGraphics.framework */,
				14A1D38C14AAC77C00C6CC5E /* SenTestingKit.framework */,
			);
			name = Frameworks;
			sourceTree = "<group>";
		};
		14A1D36C14AAC77C00C6CC5E /* Groubit_iPhone */ = {
			isa = PBXGroup;
			children = (
				14A1D37514AAC77C00C6CC5E /* Groubit_iPhoneAppDelegate.h */,
				14A1D37614AAC77C00C6CC5E /* Groubit_iPhoneAppDelegate.m */,
				14A1D37814AAC77C00C6CC5E /* iPhone */,
				14A1D37F14AAC77C00C6CC5E /* iPad */,
				14A1D36D14AAC77C00C6CC5E /* Supporting Files */,
			);
			path = Groubit_iPhone;
			sourceTree = "<group>";
		};
		14A1D36D14AAC77C00C6CC5E /* Supporting Files */ = {
			isa = PBXGroup;
			children = (
				14A1D36E14AAC77C00C6CC5E /* Groubit_iPhone-Info.plist */,
				14A1D36F14AAC77C00C6CC5E /* InfoPlist.strings */,
				14A1D37214AAC77C00C6CC5E /* main.m */,
				14A1D37414AAC77C00C6CC5E /* Groubit_iPhone-Prefix.pch */,
			);
			name = "Supporting Files";
			sourceTree = "<group>";
		};
		14A1D37814AAC77C00C6CC5E /* iPhone */ = {
			isa = PBXGroup;
			children = (
				14A1D37914AAC77C00C6CC5E /* Groubit_iPhoneAppDelegate_iPhone.h */,
				14A1D37A14AAC77C00C6CC5E /* Groubit_iPhoneAppDelegate_iPhone.m */,
				14A1D37C14AAC77C00C6CC5E /* MainWindow_iPhone.xib */,
			);
			name = iPhone;
			sourceTree = "<group>";
		};
		14A1D37F14AAC77C00C6CC5E /* iPad */ = {
			isa = PBXGroup;
			children = (
				14A1D38014AAC77C00C6CC5E /* Groubit_iPhoneAppDelegate_iPad.h */,
				14A1D38114AAC77C00C6CC5E /* Groubit_iPhoneAppDelegate_iPad.m */,
				14A1D38314AAC77C00C6CC5E /* MainWindow_iPad.xib */,
			);
			name = iPad;
			sourceTree = "<group>";
		};
		14A1D39314AAC77C00C6CC5E /* Groubit_iPhoneTests */ = {
			isa = PBXGroup;
			children = (
				14A1D39914AAC77C00C6CC5E /* Groubit_iPhoneTests.h */,
				14A1D39B14AAC77C00C6CC5E /* Groubit_iPhoneTests.m */,
				14A1D39414AAC77C00C6CC5E /* Supporting Files */,
			);
			path = Groubit_iPhoneTests;
			sourceTree = "<group>";
		};
		14A1D39414AAC77C00C6CC5E /* Supporting Files */ = {
			isa = PBXGroup;
			children = (
				14A1D39514AAC77C00C6CC5E /* Groubit_iPhoneTests-Info.plist */,
				14A1D39614AAC77C00C6CC5E /* InfoPlist.strings */,
			);
			name = "Supporting Files";
			sourceTree = "<group>";
		};
/* End PBXGroup section */

/* Begin PBXNativeTarget section */
		14A1D36114AAC77C00C6CC5E /* Groubit_iPhone */ = {
			isa = PBXNativeTarget;
			buildConfigurationList = 14A1D39F14AAC77C00C6CC5E /* Build configuration list for PBXNativeTarget "Groubit_iPhone" */;
			buildPhases = (
				14A1D35E14AAC77C00C6CC5E /* Sources */,
				14A1D35F14AAC77C00C6CC5E /* Frameworks */,
				14A1D36014AAC77C00C6CC5E /* Resources */,
			);
			buildRules = (
			);
			dependencies = (
			);
			name = Groubit_iPhone;
			productName = Groubit_iPhone;
			productReference = 14A1D36214AAC77C00C6CC5E /* Groubit_iPhone.app */;
			productType = "com.apple.product-type.application";
		};
		14A1D38A14AAC77C00C6CC5E /* Groubit_iPhoneTests */ = {
			isa = PBXNativeTarget;
			buildConfigurationList = 14A1D3A214AAC77C00C6CC5E /* Build configuration list for PBXNativeTarget "Groubit_iPhoneTests" */;
			buildPhases = (
				14A1D38614AAC77C00C6CC5E /* Sources */,
				14A1D38714AAC77C00C6CC5E /* Frameworks */,
				14A1D38814AAC77C00C6CC5E /* Resources */,
				14A1D38914AAC77C00C6CC5E /* ShellScript */,
			);
			buildRules = (
			);
			dependencies = (
				14A1D39214AAC77C00C6CC5E /* PBXTargetDependency */,
			);
			name = Groubit_iPhoneTests;
			productName = Groubit_iPhoneTests;
			productReference = 14A1D38B14AAC77C00C6CC5E /* Groubit_iPhoneTests.octest */;
			productType = "com.apple.product-type.bundle";
		};
/* End PBXNativeTarget section */

/* Begin PBXProject section */
		14A1D35914AAC77C00C6CC5E /* Project object */ = {
			isa = PBXProject;
			attributes = {
				ORGANIZATIONNAME = "UCB MIMS";
			};
			buildConfigurationList = 14A1D35C14AAC77C00C6CC5E /* Build configuration list for PBXProject "Groubit_iPhone" */;
			compatibilityVersion = "Xcode 3.2";
			developmentRegion = English;
			hasScannedForEncodings = 0;
			knownRegions = (
				en,
			);
			mainGroup = 14A1D35714AAC77C00C6CC5E;
			productRefGroup = 14A1D36314AAC77C00C6CC5E /* Products */;
			projectDirPath = "";
			projectRoot = "";
			targets = (
				14A1D36114AAC77C00C6CC5E /* Groubit_iPhone */,
				14A1D38A14AAC77C00C6CC5E /* Groubit_iPhoneTests */,
			);
		};
/* End PBXProject section */

/* Begin PBXResourcesBuildPhase section */
		14A1D36014AAC77C00C6CC5E /* Resources */ = {
			isa = PBXResourcesBuildPhase;
			buildActionMask = 2147483647;
			files = (
				14A1D37114AAC77C00C6CC5E /* InfoPlist.strings in Resources */,
				14A1D37E14AAC77C00C6CC5E /* MainWindow_iPhone.xib in Resources */,
				14A1D38514AAC77C00C6CC5E /* MainWindow_iPad.xib in Resources */,
			);
			runOnlyForDeploymentPostprocessing = 0;
		};
		14A1D38814AAC77C00C6CC5E /* Resources */ = {
			isa = PBXResourcesBuildPhase;
			buildActionMask = 2147483647;
			files = (
				14A1D39814AAC77C00C6CC5E /* InfoPlist.strings in Resources */,
				14A1D39A14AAC77C00C6CC5E /* Groubit_iPhoneTests.h in Resources */,
			);
			runOnlyForDeploymentPostprocessing = 0;
		};
/* End PBXResourcesBuildPhase section */

/* Begin PBXShellScriptBuildPhase section */
		14A1D38914AAC77C00C6CC5E /* ShellScript */ = {
			isa = PBXShellScriptBuildPhase;
			buildActionMask = 2147483647;
			files = (
			);
			inputPaths = (
			);
			outputPaths = (
			);
			runOnlyForDeploymentPostprocessing = 0;
			shellPath = /bin/sh;
			shellScript = "# Run the unit tests in this test bundle.\n\"${SYSTEM_DEVELOPER_DIR}/Tools/RunUnitTests\"\n";
		};
/* End PBXShellScriptBuildPhase section */

/* Begin PBXSourcesBuildPhase section */
		14A1D35E14AAC77C00C6CC5E /* Sources */ = {
			isa = PBXSourcesBuildPhase;
			buildActionMask = 2147483647;
			files = (
				14A1D37314AAC77C00C6CC5E /* main.m in Sources */,
				14A1D37714AAC77C00C6CC5E /* Groubit_iPhoneAppDelegate.m in Sources */,
				14A1D37B14AAC77C00C6CC5E /* Groubit_iPhoneAppDelegate_iPhone.m in Sources */,
				14A1D38214AAC77C00C6CC5E /* Groubit_iPhoneAppDelegate_iPad.m in Sources */,
			);
			runOnlyForDeploymentPostprocessing = 0;
		};
		14A1D38614AAC77C00C6CC5E /* Sources */ = {
			isa = PBXSourcesBuildPhase;
			buildActionMask = 2147483647;
			files = (
				14A1D39C14AAC77C00C6CC5E /* Groubit_iPhoneTests.m in Sources */,
			);
			runOnlyForDeploymentPostprocessing = 0;
		};
/* End PBXSourcesBuildPhase section */

/* Begin PBXTargetDependency section */
		14A1D39214AAC77C00C6CC5E /* PBXTargetDependency */ = {
			isa = PBXTargetDependency;
			target = 14A1D36114AAC77C00C6CC5E /* Groubit_iPhone */;
			targetProxy = 14A1D39114AAC77C00C6CC5E /* PBXContainerItemProxy */;
		};
/* End PBXTargetDependency section */

/* Begin PBXVariantGroup section */
		14A1D36F14AAC77C00C6CC5E /* InfoPlist.strings */ = {
			isa = PBXVariantGroup;
			children = (
				14A1D37014AAC77C00C6CC5E /* en */,
			);
			name = InfoPlist.strings;
			sourceTree = "<group>";
		};
		14A1D37C14AAC77C00C6CC5E /* MainWindow_iPhone.xib */ = {
			isa = PBXVariantGroup;
			children = (
				14A1D37D14AAC77C00C6CC5E /* en */,
			);
			name = MainWindow_iPhone.xib;
			sourceTree = "<group>";
		};
		14A1D38314AAC77C00C6CC5E /* MainWindow_iPad.xib */ = {
			isa = PBXVariantGroup;
			children = (
				14A1D38414AAC77C00C6CC5E /* en */,
			);
			name = MainWindow_iPad.xib;
			sourceTree = "<group>";
		};
		14A1D39614AAC77C00C6CC5E /* InfoPlist.strings */ = {
			isa = PBXVariantGroup;
			children = (
				14A1D39714AAC77C00C6CC5E /* en */,
			);
			name = InfoPlist.strings;
			sourceTree = "<group>";
		};
/* End PBXVariantGroup section */

/* Begin XCBuildConfiguration section */
		14A1D39D14AAC77C00C6CC5E /* Debug */ = {
			isa = XCBuildConfiguration;
			buildSettings = {
				ALWAYS_SEARCH_USER_PATHS = NO;
				ARCHS = "$(ARCHS_STANDARD_32_BIT)";
				"CODE_SIGN_IDENTITY[sdk=iphoneos*]" = "iPhone Developer";
				COPY_PHASE_STRIP = NO;
				GCC_C_LANGUAGE_STANDARD = gnu99;
				GCC_DYNAMIC_NO_PIC = NO;
				GCC_OPTIMIZATION_LEVEL = 0;
				GCC_PREPROCESSOR_DEFINITIONS = (
					"DEBUG=1",
					"$(inherited)",
				);
				GCC_SYMBOLS_PRIVATE_EXTERN = NO;
				GCC_VERSION = com.apple.compilers.llvmgcc42;
				GCC_WARN_ABOUT_MISSING_PROTOTYPES = YES;
				GCC_WARN_ABOUT_RETURN_TYPE = YES;
				GCC_WARN_UNUSED_VARIABLE = YES;
				IPHONEOS_DEPLOYMENT_TARGET = 4.3;
				SDKROOT = iphoneos;
				TARGETED_DEVICE_FAMILY = "1,2";
			};
			name = Debug;
		};
		14A1D39E14AAC77C00C6CC5E /* Release */ = {
			isa = XCBuildConfiguration;
			buildSettings = {
				ALWAYS_SEARCH_USER_PATHS = NO;
				ARCHS = "$(ARCHS_STANDARD_32_BIT)";
				"CODE_SIGN_IDENTITY[sdk=iphoneos*]" = "iPhone Developer";
				COPY_PHASE_STRIP = YES;
				GCC_C_LANGUAGE_STANDARD = gnu99;
				GCC_VERSION = com.apple.compilers.llvmgcc42;
				GCC_WARN_ABOUT_MISSING_PROTOTYPES = YES;
				GCC_WARN_ABOUT_RETURN_TYPE = YES;
				GCC_WARN_UNUSED_VARIABLE = YES;
				IPHONEOS_DEPLOYMENT_TARGET = 4.3;
				OTHER_CFLAGS = "-DNS_BLOCK_ASSERTIONS=1";
				SDKROOT = iphoneos;
				TARGETED_DEVICE_FAMILY = "1,2";
				VALIDATE_PRODUCT = YES;
			};
			name = Release;
		};
		14A1D3A014AAC77C00C6CC5E /* Debug */ = {
			isa = XCBuildConfiguration;
			buildSettings = {
				GCC_PRECOMPILE_PREFIX_HEADER = YES;
				GCC_PREFIX_HEADER = "Groubit_iPhone/Groubit_iPhone-Prefix.pch";
				INFOPLIST_FILE = "Groubit_iPhone/Groubit_iPhone-Info.plist";
				PRODUCT_NAME = "$(TARGET_NAME)";
				WRAPPER_EXTENSION = app;
			};
			name = Debug;
		};
		14A1D3A114AAC77C00C6CC5E /* Release */ = {
			isa = XCBuildConfiguration;
			buildSettings = {
				GCC_PRECOMPILE_PREFIX_HEADER = YES;
				GCC_PREFIX_HEADER = "Groubit_iPhone/Groubit_iPhone-Prefix.pch";
				INFOPLIST_FILE = "Groubit_iPhone/Groubit_iPhone-Info.plist";
				PRODUCT_NAME = "$(TARGET_NAME)";
				WRAPPER_EXTENSION = app;
			};
			name = Release;
		};
		14A1D3A314AAC77C00C6CC5E /* Debug */ = {
			isa = XCBuildConfiguration;
			buildSettings = {
				BUNDLE_LOADER = "$(BUILT_PRODUCTS_DIR)/Groubit_iPhone.app/Groubit_iPhone";
				FRAMEWORK_SEARCH_PATHS = (
					"$(SDKROOT)/Developer/Library/Frameworks",
					"$(DEVELOPER_LIBRARY_DIR)/Frameworks",
				);
				GCC_PRECOMPILE_PREFIX_HEADER = YES;
				GCC_PREFIX_HEADER = "Groubit_iPhone/Groubit_iPhone-Prefix.pch";
				INFOPLIST_FILE = "Groubit_iPhoneTests/Groubit_iPhoneTests-Info.plist";
				PRODUCT_NAME = "$(TARGET_NAME)";
				TEST_HOST = "$(BUNDLE_LOADER)";
				WRAPPER_EXTENSION = octest;
			};
			name = Debug;
		};
		14A1D3A414AAC77C00C6CC5E /* Release */ = {
			isa = XCBuildConfiguration;
			buildSettings = {
				BUNDLE_LOADER = "$(BUILT_PRODUCTS_DIR)/Groubit_iPhone.app/Groubit_iPhone";
				FRAMEWORK_SEARCH_PATHS = (
					"$(SDKROOT)/Developer/Library/Frameworks",
					"$(DEVELOPER_LIBRARY_DIR)/Frameworks",
				);
				GCC_PRECOMPILE_PREFIX_HEADER = YES;
				GCC_PREFIX_HEADER = "Groubit_iPhone/Groubit_iPhone-Prefix.pch";
				INFOPLIST_FILE = "Groubit_iPhoneTests/Groubit_iPhoneTests-Info.plist";
				PRODUCT_NAME = "$(TARGET_NAME)";
				TEST_HOST = "$(BUNDLE_LOADER)";
				WRAPPER_EXTENSION = octest;
			};
			name = Release;
		};
/* End XCBuildConfiguration section */

/* Begin XCConfigurationList section */
		14A1D35C14AAC77C00C6CC5E /* Build configuration list for PBXProject "Groubit_iPhone" */ = {
			isa = XCConfigurationList;
			buildConfigurations = (
				14A1D39D14AAC77C00C6CC5E /* Debug */,
				14A1D39E14AAC77C00C6CC5E /* Release */,
			);
			defaultConfigurationIsVisible = 0;
			defaultConfigurationName = Release;
		};
		14A1D39F14AAC77C00C6CC5E /* Build configuration list for PBXNativeTarget "Groubit_iPhone" */ = {
			isa = XCConfigurationList;
			buildConfigurations = (
				14A1D3A014AAC77C00C6CC5E /* Debug */,
				14A1D3A114AAC77C00C6CC5E /* Release */,
			);
			defaultConfigurationIsVisible = 0;
		};
		14A1D3A214AAC77C00C6CC5E /* Build configuration list for PBXNativeTarget "Groubit_iPhoneTests" */ = {
			isa = XCConfigurationList;
			buildConfigurations = (
				14A1D3A314AAC77C00C6CC5E /* Debug */,
				14A1D3A414AAC77C00C6CC5E /* Release */,
			);
			defaultConfigurationIsVisible = 0;
		};
/* End XCConfigurationList section */
	};
	rootObject = 14A1D35914AAC77C00C6CC5E /* Project object */;
}
