// !$*UTF8*$!
{
	archiveVersion = 1;
	classes = {
	};
	objectVersion = 46;
	objects = {

/* Begin PBXBuildFile section */
		14688F7214D7A96A006DAEBA /* HabitsTableController.m in Sources */ = {isa = PBXBuildFile; fileRef = 14688F7114D7A96A006DAEBA /* HabitsTableController.m */; };
		14B6D51E14E5E6C7009B95A0 /* HabitsAddController.m in Sources */ = {isa = PBXBuildFile; fileRef = 14B6D51C14E5E6C7009B95A0 /* HabitsAddController.m */; };
		14B6D51F14E5E6C7009B95A0 /* HabitsAddController.xib in Resources */ = {isa = PBXBuildFile; fileRef = 14B6D51D14E5E6C7009B95A0 /* HabitsAddController.xib */; };
		14E365BB14AB2D7B0064CA5B /* FriendsViewController.m in Sources */ = {isa = PBXBuildFile; fileRef = 14E365B914AB2D7B0064CA5B /* FriendsViewController.m */; };
		14E365BC14AB2D7B0064CA5B /* FriendsViewController.xib in Resources */ = {isa = PBXBuildFile; fileRef = 14E365BA14AB2D7B0064CA5B /* FriendsViewController.xib */; };
		14EA769914AAEC63009FF411 /* UIKit.framework in Frameworks */ = {isa = PBXBuildFile; fileRef = 14EA769814AAEC63009FF411 /* UIKit.framework */; };
		14EA769B14AAEC63009FF411 /* Foundation.framework in Frameworks */ = {isa = PBXBuildFile; fileRef = 14EA769A14AAEC63009FF411 /* Foundation.framework */; };
		14EA769D14AAEC63009FF411 /* CoreGraphics.framework in Frameworks */ = {isa = PBXBuildFile; fileRef = 14EA769C14AAEC63009FF411 /* CoreGraphics.framework */; };
		14EA769F14AAEC63009FF411 /* CoreData.framework in Frameworks */ = {isa = PBXBuildFile; fileRef = 14EA769E14AAEC63009FF411 /* CoreData.framework */; };
		14EA76A514AAEC63009FF411 /* InfoPlist.strings in Resources */ = {isa = PBXBuildFile; fileRef = 14EA76A314AAEC63009FF411 /* InfoPlist.strings */; };
		14EA76A714AAEC63009FF411 /* main.m in Sources */ = {isa = PBXBuildFile; fileRef = 14EA76A614AAEC63009FF411 /* main.m */; };
		14EA76AB14AAEC63009FF411 /* Groubit_iOSAppDelegate.m in Sources */ = {isa = PBXBuildFile; fileRef = 14EA76AA14AAEC63009FF411 /* Groubit_iOSAppDelegate.m */; };
		14EA76AE14AAEC63009FF411 /* Groubit_iOS.xcdatamodeld in Sources */ = {isa = PBXBuildFile; fileRef = 14EA76AC14AAEC63009FF411 /* Groubit_iOS.xcdatamodeld */; };
		14EA76B214AAEC63009FF411 /* Groubit_iOSAppDelegate_iPhone.m in Sources */ = {isa = PBXBuildFile; fileRef = 14EA76B114AAEC63009FF411 /* Groubit_iOSAppDelegate_iPhone.m */; };
		14EA76B514AAEC63009FF411 /* MainWindow_iPhone.xib in Resources */ = {isa = PBXBuildFile; fileRef = 14EA76B314AAEC63009FF411 /* MainWindow_iPhone.xib */; };
		14EA76B914AAEC63009FF411 /* Groubit_iOSAppDelegate_iPad.m in Sources */ = {isa = PBXBuildFile; fileRef = 14EA76B814AAEC63009FF411 /* Groubit_iOSAppDelegate_iPad.m */; };
		14EA76BC14AAEC63009FF411 /* MainWindow_iPad.xib in Resources */ = {isa = PBXBuildFile; fileRef = 14EA76BA14AAEC63009FF411 /* MainWindow_iPad.xib */; };
		14EA76C414AAEC63009FF411 /* SenTestingKit.framework in Frameworks */ = {isa = PBXBuildFile; fileRef = 14EA76C314AAEC63009FF411 /* SenTestingKit.framework */; };
		14EA76C514AAEC63009FF411 /* UIKit.framework in Frameworks */ = {isa = PBXBuildFile; fileRef = 14EA769814AAEC63009FF411 /* UIKit.framework */; };
		14EA76C614AAEC63009FF411 /* Foundation.framework in Frameworks */ = {isa = PBXBuildFile; fileRef = 14EA769A14AAEC63009FF411 /* Foundation.framework */; };
		14EA76C714AAEC63009FF411 /* CoreGraphics.framework in Frameworks */ = {isa = PBXBuildFile; fileRef = 14EA769C14AAEC63009FF411 /* CoreGraphics.framework */; };
		14EA76C814AAEC63009FF411 /* CoreData.framework in Frameworks */ = {isa = PBXBuildFile; fileRef = 14EA769E14AAEC63009FF411 /* CoreData.framework */; };
		14EA76D014AAEC63009FF411 /* InfoPlist.strings in Resources */ = {isa = PBXBuildFile; fileRef = 14EA76CE14AAEC63009FF411 /* InfoPlist.strings */; };
		14EA76D214AAEC63009FF411 /* Groubit_iOSTests.h in Resources */ = {isa = PBXBuildFile; fileRef = 14EA76D114AAEC63009FF411 /* Groubit_iOSTests.h */; };
		14EA76D414AAEC63009FF411 /* Groubit_iOSTests.m in Sources */ = {isa = PBXBuildFile; fileRef = 14EA76D314AAEC63009FF411 /* Groubit_iOSTests.m */; };
		14EA76F114AB201F009FF411 /* HabitsDetailViewController.m in Sources */ = {isa = PBXBuildFile; fileRef = 14EA76EF14AB201F009FF411 /* HabitsDetailViewController.m */; };
		14EA76F214AB201F009FF411 /* HabitsDetailViewController.xib in Resources */ = {isa = PBXBuildFile; fileRef = 14EA76F014AB201F009FF411 /* HabitsDetailViewController.xib */; };
		2B09D8CE14DD155B00A76133 /* DebugViewController.m in Sources */ = {isa = PBXBuildFile; fileRef = 2B09D8CC14DD155B00A76133 /* DebugViewController.m */; };
		2B09D8CF14DD155B00A76133 /* DebugViewController.xib in Resources */ = {isa = PBXBuildFile; fileRef = 2B09D8CD14DD155B00A76133 /* DebugViewController.xib */; };
		2B09D8D314DD1B4000A76133 /* DashboardViewController.m in Sources */ = {isa = PBXBuildFile; fileRef = 2B09D8D214DD1B4000A76133 /* DashboardViewController.m */; };
		2B2B1CC014C969100068B36E /* TaipeiStation.m in Sources */ = {isa = PBXBuildFile; fileRef = 2B2B1CBF14C9690F0068B36E /* TaipeiStation.m */; };
		2B7B6A79150BA04C00CAECDD /* GBTask.m in Sources */ = {isa = PBXBuildFile; fileRef = 2B7B6A78150BA04C00CAECDD /* GBTask.m */; };
		2B7B6A80150BA3DF00CAECDD /* GBRelation.m in Sources */ = {isa = PBXBuildFile; fileRef = 2B7B6A7F150BA3DF00CAECDD /* GBRelation.m */; };
		2BA968931512334E00FBA256 /* GBNotification.m in Sources */ = {isa = PBXBuildFile; fileRef = 2BA968921512334E00FBA256 /* GBNotification.m */; };
		2BCBEAAE14C9BA99003359AF /* GBHabit.m in Sources */ = {isa = PBXBuildFile; fileRef = 2BCBEAAD14C9BA99003359AF /* GBHabit.m */; };
		2BCBEAB814C9BA9A003359AF /* GBUser.m in Sources */ = {isa = PBXBuildFile; fileRef = 2BCBEAB714C9BA9A003359AF /* GBUser.m */; };
		2BD0D85B14AB260D004E1E49 /* GBDataModelManager.m in Sources */ = {isa = PBXBuildFile; fileRef = 2BD0D85614AB260D004E1E49 /* GBDataModelManager.m */; };
		2BD0D87C14AB4255004E1E49 /* Parse.framework in Frameworks */ = {isa = PBXBuildFile; fileRef = 2BD0D87B14AB4255004E1E49 /* Parse.framework */; };
		2BD0D87F14AB4333004E1E49 /* AudioToolbox.framework in Frameworks */ = {isa = PBXBuildFile; fileRef = 2BD0D87E14AB4333004E1E49 /* AudioToolbox.framework */; };
		2BD0D88114AB4343004E1E49 /* CFNetwork.framework in Frameworks */ = {isa = PBXBuildFile; fileRef = 2BD0D88014AB4343004E1E49 /* CFNetwork.framework */; };
		2BD0D88314AB4351004E1E49 /* SystemConfiguration.framework in Frameworks */ = {isa = PBXBuildFile; fileRef = 2BD0D88214AB4351004E1E49 /* SystemConfiguration.framework */; };
		2BD0D88514AB4361004E1E49 /* MobileCoreServices.framework in Frameworks */ = {isa = PBXBuildFile; fileRef = 2BD0D88414AB4361004E1E49 /* MobileCoreServices.framework */; };
		2BD0D88814AB4380004E1E49 /* libz.1.1.3.dylib in Frameworks */ = {isa = PBXBuildFile; fileRef = 2BD0D88714AB4380004E1E49 /* libz.1.1.3.dylib */; };
		2BD0D88A14AB438A004E1E49 /* Security.framework in Frameworks */ = {isa = PBXBuildFile; fileRef = 2BD0D88914AB438A004E1E49 /* Security.framework */; };
		C63E0DB214E61D350070E902 /* RegisterLoginViewController.m in Sources */ = {isa = PBXBuildFile; fileRef = C63E0DB014E61D350070E902 /* RegisterLoginViewController.m */; };
		C63E0DB314E61D350070E902 /* RegisterLoginViewController.xib in Resources */ = {isa = PBXBuildFile; fileRef = C63E0DB114E61D350070E902 /* RegisterLoginViewController.xib */; };
/* End PBXBuildFile section */

/* Begin PBXContainerItemProxy section */
		14EA76C914AAEC63009FF411 /* PBXContainerItemProxy */ = {
			isa = PBXContainerItemProxy;
			containerPortal = 14EA768B14AAEC63009FF411 /* Project object */;
			proxyType = 1;
			remoteGlobalIDString = 14EA769314AAEC63009FF411;
			remoteInfo = Groubit_iOS;
		};
/* End PBXContainerItemProxy section */

/* Begin PBXFileReference section */
		14688F7014D7A96A006DAEBA /* HabitsTableController.h */ = {isa = PBXFileReference; fileEncoding = 4; lastKnownFileType = sourcecode.c.h; name = HabitsTableController.h; path = iPhone/HabitsTableController.h; sourceTree = "<group>"; };
		14688F7114D7A96A006DAEBA /* HabitsTableController.m */ = {isa = PBXFileReference; fileEncoding = 4; lastKnownFileType = sourcecode.c.objc; name = HabitsTableController.m; path = iPhone/HabitsTableController.m; sourceTree = "<group>"; };
		14B6D51B14E5E6C7009B95A0 /* HabitsAddController.h */ = {isa = PBXFileReference; fileEncoding = 4; lastKnownFileType = sourcecode.c.h; name = HabitsAddController.h; path = iPhone/HabitsAddController.h; sourceTree = "<group>"; };
		14B6D51C14E5E6C7009B95A0 /* HabitsAddController.m */ = {isa = PBXFileReference; fileEncoding = 4; lastKnownFileType = sourcecode.c.objc; name = HabitsAddController.m; path = iPhone/HabitsAddController.m; sourceTree = "<group>"; };
		14B6D51D14E5E6C7009B95A0 /* HabitsAddController.xib */ = {isa = PBXFileReference; fileEncoding = 4; lastKnownFileType = file.xib; name = HabitsAddController.xib; path = iPhone/HabitsAddController.xib; sourceTree = "<group>"; };
		14E365B814AB2D7B0064CA5B /* FriendsViewController.h */ = {isa = PBXFileReference; fileEncoding = 4; lastKnownFileType = sourcecode.c.h; path = FriendsViewController.h; sourceTree = "<group>"; };
		14E365B914AB2D7B0064CA5B /* FriendsViewController.m */ = {isa = PBXFileReference; fileEncoding = 4; lastKnownFileType = sourcecode.c.objc; path = FriendsViewController.m; sourceTree = "<group>"; };
		14E365BA14AB2D7B0064CA5B /* FriendsViewController.xib */ = {isa = PBXFileReference; fileEncoding = 4; lastKnownFileType = file.xib; path = FriendsViewController.xib; sourceTree = "<group>"; };
		14EA769414AAEC63009FF411 /* Groubit_iOS.app */ = {isa = PBXFileReference; explicitFileType = wrapper.application; includeInIndex = 0; path = Groubit_iOS.app; sourceTree = BUILT_PRODUCTS_DIR; };
		14EA769814AAEC63009FF411 /* UIKit.framework */ = {isa = PBXFileReference; lastKnownFileType = wrapper.framework; name = UIKit.framework; path = System/Library/Frameworks/UIKit.framework; sourceTree = SDKROOT; };
		14EA769A14AAEC63009FF411 /* Foundation.framework */ = {isa = PBXFileReference; lastKnownFileType = wrapper.framework; name = Foundation.framework; path = System/Library/Frameworks/Foundation.framework; sourceTree = SDKROOT; };
		14EA769C14AAEC63009FF411 /* CoreGraphics.framework */ = {isa = PBXFileReference; lastKnownFileType = wrapper.framework; name = CoreGraphics.framework; path = System/Library/Frameworks/CoreGraphics.framework; sourceTree = SDKROOT; };
		14EA769E14AAEC63009FF411 /* CoreData.framework */ = {isa = PBXFileReference; lastKnownFileType = wrapper.framework; name = CoreData.framework; path = System/Library/Frameworks/CoreData.framework; sourceTree = SDKROOT; };
		14EA76A214AAEC63009FF411 /* Groubit_iOS-Info.plist */ = {isa = PBXFileReference; lastKnownFileType = text.plist.xml; path = "Groubit_iOS-Info.plist"; sourceTree = "<group>"; };
		14EA76A414AAEC63009FF411 /* en */ = {isa = PBXFileReference; lastKnownFileType = text.plist.strings; name = en; path = en.lproj/InfoPlist.strings; sourceTree = "<group>"; };
		14EA76A614AAEC63009FF411 /* main.m */ = {isa = PBXFileReference; lastKnownFileType = sourcecode.c.objc; path = main.m; sourceTree = "<group>"; };
		14EA76A814AAEC63009FF411 /* Groubit_iOS-Prefix.pch */ = {isa = PBXFileReference; lastKnownFileType = sourcecode.c.h; path = "Groubit_iOS-Prefix.pch"; sourceTree = "<group>"; };
		14EA76A914AAEC63009FF411 /* Groubit_iOSAppDelegate.h */ = {isa = PBXFileReference; lastKnownFileType = sourcecode.c.h; path = Groubit_iOSAppDelegate.h; sourceTree = "<group>"; };
		14EA76AA14AAEC63009FF411 /* Groubit_iOSAppDelegate.m */ = {isa = PBXFileReference; lastKnownFileType = sourcecode.c.objc; path = Groubit_iOSAppDelegate.m; sourceTree = "<group>"; };
		14EA76AD14AAEC63009FF411 /* Groubit_iOS.xcdatamodel */ = {isa = PBXFileReference; lastKnownFileType = wrapper.xcdatamodel; path = Groubit_iOS.xcdatamodel; sourceTree = "<group>"; };
		14EA76B014AAEC63009FF411 /* Groubit_iOSAppDelegate_iPhone.h */ = {isa = PBXFileReference; lastKnownFileType = sourcecode.c.h; name = Groubit_iOSAppDelegate_iPhone.h; path = iPhone/Groubit_iOSAppDelegate_iPhone.h; sourceTree = "<group>"; };
		14EA76B114AAEC63009FF411 /* Groubit_iOSAppDelegate_iPhone.m */ = {isa = PBXFileReference; lastKnownFileType = sourcecode.c.objc; name = Groubit_iOSAppDelegate_iPhone.m; path = iPhone/Groubit_iOSAppDelegate_iPhone.m; sourceTree = "<group>"; };
		14EA76B414AAEC63009FF411 /* en */ = {isa = PBXFileReference; lastKnownFileType = file.xib; name = en; path = iPhone/en.lproj/MainWindow_iPhone.xib; sourceTree = "<group>"; };
		14EA76B714AAEC63009FF411 /* Groubit_iOSAppDelegate_iPad.h */ = {isa = PBXFileReference; lastKnownFileType = sourcecode.c.h; name = Groubit_iOSAppDelegate_iPad.h; path = iPad/Groubit_iOSAppDelegate_iPad.h; sourceTree = "<group>"; };
		14EA76B814AAEC63009FF411 /* Groubit_iOSAppDelegate_iPad.m */ = {isa = PBXFileReference; lastKnownFileType = sourcecode.c.objc; name = Groubit_iOSAppDelegate_iPad.m; path = iPad/Groubit_iOSAppDelegate_iPad.m; sourceTree = "<group>"; };
		14EA76BB14AAEC63009FF411 /* en */ = {isa = PBXFileReference; lastKnownFileType = file.xib; name = en; path = iPad/en.lproj/MainWindow_iPad.xib; sourceTree = "<group>"; };
		14EA76C214AAEC63009FF411 /* Groubit_iOSTests.octest */ = {isa = PBXFileReference; explicitFileType = wrapper.cfbundle; includeInIndex = 0; path = Groubit_iOSTests.octest; sourceTree = BUILT_PRODUCTS_DIR; };
		14EA76C314AAEC63009FF411 /* SenTestingKit.framework */ = {isa = PBXFileReference; lastKnownFileType = wrapper.framework; name = SenTestingKit.framework; path = Library/Frameworks/SenTestingKit.framework; sourceTree = DEVELOPER_DIR; };
		14EA76CD14AAEC63009FF411 /* Groubit_iOSTests-Info.plist */ = {isa = PBXFileReference; lastKnownFileType = text.plist.xml; path = "Groubit_iOSTests-Info.plist"; sourceTree = "<group>"; };
		14EA76CF14AAEC63009FF411 /* en */ = {isa = PBXFileReference; lastKnownFileType = text.plist.strings; name = en; path = en.lproj/InfoPlist.strings; sourceTree = "<group>"; };
		14EA76D114AAEC63009FF411 /* Groubit_iOSTests.h */ = {isa = PBXFileReference; lastKnownFileType = sourcecode.c.h; path = Groubit_iOSTests.h; sourceTree = "<group>"; };
		14EA76D314AAEC63009FF411 /* Groubit_iOSTests.m */ = {isa = PBXFileReference; lastKnownFileType = sourcecode.c.objc; path = Groubit_iOSTests.m; sourceTree = "<group>"; };
		14EA76EE14AB201F009FF411 /* HabitsDetailViewController.h */ = {isa = PBXFileReference; fileEncoding = 4; lastKnownFileType = sourcecode.c.h; name = HabitsDetailViewController.h; path = iPhone/HabitsDetailViewController.h; sourceTree = "<group>"; };
		14EA76EF14AB201F009FF411 /* HabitsDetailViewController.m */ = {isa = PBXFileReference; fileEncoding = 4; lastKnownFileType = sourcecode.c.objc; name = HabitsDetailViewController.m; path = iPhone/HabitsDetailViewController.m; sourceTree = "<group>"; };
		14EA76F014AB201F009FF411 /* HabitsDetailViewController.xib */ = {isa = PBXFileReference; fileEncoding = 4; lastKnownFileType = file.xib; name = HabitsDetailViewController.xib; path = iPhone/HabitsDetailViewController.xib; sourceTree = "<group>"; };
		2B09D8CB14DD155B00A76133 /* DebugViewController.h */ = {isa = PBXFileReference; fileEncoding = 4; lastKnownFileType = sourcecode.c.h; path = DebugViewController.h; sourceTree = "<group>"; };
		2B09D8CC14DD155B00A76133 /* DebugViewController.m */ = {isa = PBXFileReference; fileEncoding = 4; lastKnownFileType = sourcecode.c.objc; path = DebugViewController.m; sourceTree = "<group>"; };
		2B09D8CD14DD155B00A76133 /* DebugViewController.xib */ = {isa = PBXFileReference; fileEncoding = 4; lastKnownFileType = file.xib; path = DebugViewController.xib; sourceTree = "<group>"; };
		2B09D8D114DD1B4000A76133 /* DashboardViewController.h */ = {isa = PBXFileReference; fileEncoding = 4; lastKnownFileType = sourcecode.c.h; path = DashboardViewController.h; sourceTree = "<group>"; };
		2B09D8D214DD1B4000A76133 /* DashboardViewController.m */ = {isa = PBXFileReference; fileEncoding = 4; lastKnownFileType = sourcecode.c.objc; path = DashboardViewController.m; sourceTree = "<group>"; };
		2B2B1CBE14C9690F0068B36E /* TaipeiStation.h */ = {isa = PBXFileReference; fileEncoding = 4; lastKnownFileType = sourcecode.c.h; path = TaipeiStation.h; sourceTree = "<group>"; };
		2B2B1CBF14C9690F0068B36E /* TaipeiStation.m */ = {isa = PBXFileReference; fileEncoding = 4; lastKnownFileType = sourcecode.c.objc; path = TaipeiStation.m; sourceTree = "<group>"; };
		2B7B6A77150BA04C00CAECDD /* GBTask.h */ = {isa = PBXFileReference; fileEncoding = 4; lastKnownFileType = sourcecode.c.h; path = GBTask.h; sourceTree = "<group>"; };
		2B7B6A78150BA04C00CAECDD /* GBTask.m */ = {isa = PBXFileReference; fileEncoding = 4; lastKnownFileType = sourcecode.c.objc; path = GBTask.m; sourceTree = "<group>"; };
		2B7B6A7E150BA3DF00CAECDD /* GBRelation.h */ = {isa = PBXFileReference; fileEncoding = 4; lastKnownFileType = sourcecode.c.h; path = GBRelation.h; sourceTree = "<group>"; };
		2B7B6A7F150BA3DF00CAECDD /* GBRelation.m */ = {isa = PBXFileReference; fileEncoding = 4; lastKnownFileType = sourcecode.c.objc; path = GBRelation.m; sourceTree = "<group>"; };
		2BA968911512334E00FBA256 /* GBNotification.h */ = {isa = PBXFileReference; fileEncoding = 4; lastKnownFileType = sourcecode.c.h; path = GBNotification.h; sourceTree = "<group>"; };
		2BA968921512334E00FBA256 /* GBNotification.m */ = {isa = PBXFileReference; fileEncoding = 4; lastKnownFileType = sourcecode.c.objc; path = GBNotification.m; sourceTree = "<group>"; };
		2BCBEAAC14C9BA99003359AF /* GBHabit.h */ = {isa = PBXFileReference; fileEncoding = 4; lastKnownFileType = sourcecode.c.h; path = GBHabit.h; sourceTree = "<group>"; };
		2BCBEAAD14C9BA99003359AF /* GBHabit.m */ = {isa = PBXFileReference; fileEncoding = 4; lastKnownFileType = sourcecode.c.objc; path = GBHabit.m; sourceTree = "<group>"; };
		2BCBEAB614C9BA9A003359AF /* GBUser.h */ = {isa = PBXFileReference; fileEncoding = 4; lastKnownFileType = sourcecode.c.h; path = GBUser.h; sourceTree = "<group>"; };
		2BCBEAB714C9BA9A003359AF /* GBUser.m */ = {isa = PBXFileReference; fileEncoding = 4; lastKnownFileType = sourcecode.c.objc; path = GBUser.m; sourceTree = "<group>"; };
		2BD0D85514AB260D004E1E49 /* GBDataModelManager.h */ = {isa = PBXFileReference; fileEncoding = 4; lastKnownFileType = sourcecode.c.h; path = GBDataModelManager.h; sourceTree = "<group>"; };
		2BD0D85614AB260D004E1E49 /* GBDataModelManager.m */ = {isa = PBXFileReference; fileEncoding = 4; lastKnownFileType = sourcecode.c.objc; path = GBDataModelManager.m; sourceTree = "<group>"; };
		2BD0D85714AB260D004E1E49 /* HabitTypeObject.h */ = {isa = PBXFileReference; fileEncoding = 4; lastKnownFileType = sourcecode.c.h; name = HabitTypeObject.h; path = /Volumes/Broadway/Dev/Github/Groubit/Groubit_iOS/Groubit_iOS/HabitTypeObject.h; sourceTree = "<absolute>"; };
		2BD0D85814AB260D004E1E49 /* HabitTypeObject.m */ = {isa = PBXFileReference; fileEncoding = 4; lastKnownFileType = sourcecode.c.objc; name = HabitTypeObject.m; path = /Volumes/Broadway/Dev/Github/Groubit/Groubit_iOS/Groubit_iOS/HabitTypeObject.m; sourceTree = "<absolute>"; };
		2BD0D85914AB260D004E1E49 /* TaskTypeObject.h */ = {isa = PBXFileReference; fileEncoding = 4; lastKnownFileType = sourcecode.c.h; name = TaskTypeObject.h; path = /Volumes/Broadway/Dev/Github/Groubit/Groubit_iOS/Groubit_iOS/TaskTypeObject.h; sourceTree = "<absolute>"; };
		2BD0D85A14AB260D004E1E49 /* TaskTypeObject.m */ = {isa = PBXFileReference; fileEncoding = 4; lastKnownFileType = sourcecode.c.objc; name = TaskTypeObject.m; path = /Volumes/Broadway/Dev/Github/Groubit/Groubit_iOS/Groubit_iOS/TaskTypeObject.m; sourceTree = "<absolute>"; };
		2BD0D87B14AB4255004E1E49 /* Parse.framework */ = {isa = PBXFileReference; lastKnownFileType = wrapper.framework; path = Parse.framework; sourceTree = "<group>"; };
		2BD0D87E14AB4333004E1E49 /* AudioToolbox.framework */ = {isa = PBXFileReference; lastKnownFileType = wrapper.framework; name = AudioToolbox.framework; path = System/Library/Frameworks/AudioToolbox.framework; sourceTree = SDKROOT; };
		2BD0D88014AB4343004E1E49 /* CFNetwork.framework */ = {isa = PBXFileReference; lastKnownFileType = wrapper.framework; name = CFNetwork.framework; path = System/Library/Frameworks/CFNetwork.framework; sourceTree = SDKROOT; };
		2BD0D88214AB4351004E1E49 /* SystemConfiguration.framework */ = {isa = PBXFileReference; lastKnownFileType = wrapper.framework; name = SystemConfiguration.framework; path = System/Library/Frameworks/SystemConfiguration.framework; sourceTree = SDKROOT; };
		2BD0D88414AB4361004E1E49 /* MobileCoreServices.framework */ = {isa = PBXFileReference; lastKnownFileType = wrapper.framework; name = MobileCoreServices.framework; path = System/Library/Frameworks/MobileCoreServices.framework; sourceTree = SDKROOT; };
		2BD0D88614AB436E004E1E49 /* CoreGraphics.framework */ = {isa = PBXFileReference; lastKnownFileType = wrapper.framework; name = CoreGraphics.framework; path = System/Library/Frameworks/CoreGraphics.framework; sourceTree = SDKROOT; };
		2BD0D88714AB4380004E1E49 /* libz.1.1.3.dylib */ = {isa = PBXFileReference; lastKnownFileType = "compiled.mach-o.dylib"; name = libz.1.1.3.dylib; path = usr/lib/libz.1.1.3.dylib; sourceTree = SDKROOT; };
		2BD0D88914AB438A004E1E49 /* Security.framework */ = {isa = PBXFileReference; lastKnownFileType = wrapper.framework; name = Security.framework; path = System/Library/Frameworks/Security.framework; sourceTree = SDKROOT; };
		C63E0DAF14E61D350070E902 /* RegisterLoginViewController.h */ = {isa = PBXFileReference; fileEncoding = 4; name = RegisterLoginViewController.h; path = iPhone/RegisterLoginViewController.h; sourceTree = "<group>"; };
		C63E0DB014E61D350070E902 /* RegisterLoginViewController.m */ = {isa = PBXFileReference; fileEncoding = 4; lastKnownFileType = sourcecode.c.objc; name = RegisterLoginViewController.m; path = iPhone/RegisterLoginViewController.m; sourceTree = "<group>"; };
		C63E0DB114E61D350070E902 /* RegisterLoginViewController.xib */ = {isa = PBXFileReference; fileEncoding = 4; lastKnownFileType = file.xib; name = RegisterLoginViewController.xib; path = iPhone/RegisterLoginViewController.xib; sourceTree = "<group>"; };
/* End PBXFileReference section */

/* Begin PBXFrameworksBuildPhase section */
		14EA769114AAEC63009FF411 /* Frameworks */ = {
			isa = PBXFrameworksBuildPhase;
			buildActionMask = 2147483647;
			files = (
				2BD0D88A14AB438A004E1E49 /* Security.framework in Frameworks */,
				2BD0D88814AB4380004E1E49 /* libz.1.1.3.dylib in Frameworks */,
				14EA769D14AAEC63009FF411 /* CoreGraphics.framework in Frameworks */,
				2BD0D88514AB4361004E1E49 /* MobileCoreServices.framework in Frameworks */,
				2BD0D88314AB4351004E1E49 /* SystemConfiguration.framework in Frameworks */,
				2BD0D88114AB4343004E1E49 /* CFNetwork.framework in Frameworks */,
				2BD0D87F14AB4333004E1E49 /* AudioToolbox.framework in Frameworks */,
				14EA769914AAEC63009FF411 /* UIKit.framework in Frameworks */,
				14EA769B14AAEC63009FF411 /* Foundation.framework in Frameworks */,
				14EA769F14AAEC63009FF411 /* CoreData.framework in Frameworks */,
				2BD0D87C14AB4255004E1E49 /* Parse.framework in Frameworks */,
			);
			runOnlyForDeploymentPostprocessing = 0;
		};
		14EA76BE14AAEC63009FF411 /* Frameworks */ = {
			isa = PBXFrameworksBuildPhase;
			buildActionMask = 2147483647;
			files = (
				14EA76C414AAEC63009FF411 /* SenTestingKit.framework in Frameworks */,
				14EA76C514AAEC63009FF411 /* UIKit.framework in Frameworks */,
				14EA76C614AAEC63009FF411 /* Foundation.framework in Frameworks */,
				14EA76C714AAEC63009FF411 /* CoreGraphics.framework in Frameworks */,
				14EA76C814AAEC63009FF411 /* CoreData.framework in Frameworks */,
			);
			runOnlyForDeploymentPostprocessing = 0;
		};
/* End PBXFrameworksBuildPhase section */

/* Begin PBXGroup section */
		14EA768914AAEC63009FF411 = {
			isa = PBXGroup;
			children = (
				2BD0D88914AB438A004E1E49 /* Security.framework */,
				2BD0D88714AB4380004E1E49 /* libz.1.1.3.dylib */,
				2BD0D88614AB436E004E1E49 /* CoreGraphics.framework */,
				2BD0D88414AB4361004E1E49 /* MobileCoreServices.framework */,
				2BD0D88214AB4351004E1E49 /* SystemConfiguration.framework */,
				2BD0D88014AB4343004E1E49 /* CFNetwork.framework */,
				2BD0D87E14AB4333004E1E49 /* AudioToolbox.framework */,
				14EA76A014AAEC63009FF411 /* Groubit_iOS */,
				14EA76CB14AAEC63009FF411 /* Groubit_iOSTests */,
				14EA769714AAEC63009FF411 /* Frameworks */,
				14EA769514AAEC63009FF411 /* Products */,
			);
			sourceTree = "<group>";
		};
		14EA769514AAEC63009FF411 /* Products */ = {
			isa = PBXGroup;
			children = (
				14EA769414AAEC63009FF411 /* Groubit_iOS.app */,
				14EA76C214AAEC63009FF411 /* Groubit_iOSTests.octest */,
			);
			name = Products;
			sourceTree = "<group>";
		};
		14EA769714AAEC63009FF411 /* Frameworks */ = {
			isa = PBXGroup;
			children = (
				2BD0D87B14AB4255004E1E49 /* Parse.framework */,
				14EA769814AAEC63009FF411 /* UIKit.framework */,
				14EA769A14AAEC63009FF411 /* Foundation.framework */,
				14EA769C14AAEC63009FF411 /* CoreGraphics.framework */,
				14EA769E14AAEC63009FF411 /* CoreData.framework */,
				14EA76C314AAEC63009FF411 /* SenTestingKit.framework */,
			);
			name = Frameworks;
			sourceTree = "<group>";
		};
		14EA76A014AAEC63009FF411 /* Groubit_iOS */ = {
			isa = PBXGroup;
			children = (
				2BD0D85514AB260D004E1E49 /* GBDataModelManager.h */,
				2BD0D85614AB260D004E1E49 /* GBDataModelManager.m */,
				14EA76A914AAEC63009FF411 /* Groubit_iOSAppDelegate.h */,
				14EA76AA14AAEC63009FF411 /* Groubit_iOSAppDelegate.m */,
				14EA76AC14AAEC63009FF411 /* Groubit_iOS.xcdatamodeld */,
				14EA76AF14AAEC63009FF411 /* iPhone */,
				14EA76B614AAEC63009FF411 /* iPad */,
				14EA76A114AAEC63009FF411 /* Supporting Files */,
			);
			path = Groubit_iOS;
			sourceTree = "<group>";
		};
		14EA76A114AAEC63009FF411 /* Supporting Files */ = {
			isa = PBXGroup;
			children = (
				14EA76A214AAEC63009FF411 /* Groubit_iOS-Info.plist */,
				14EA76A314AAEC63009FF411 /* InfoPlist.strings */,
				14EA76A614AAEC63009FF411 /* main.m */,
				14EA76A814AAEC63009FF411 /* Groubit_iOS-Prefix.pch */,
			);
			name = "Supporting Files";
			sourceTree = "<group>";
		};
		14EA76AF14AAEC63009FF411 /* iPhone */ = {
			isa = PBXGroup;
			children = (
				2B09D8D114DD1B4000A76133 /* DashboardViewController.h */,
				2B09D8D214DD1B4000A76133 /* DashboardViewController.m */,
				2B926AFE14B93E4F002E03F7 /* DataModel */,
				14EA76EE14AB201F009FF411 /* HabitsDetailViewController.h */,
				14EA76EF14AB201F009FF411 /* HabitsDetailViewController.m */,
				14EA76F014AB201F009FF411 /* HabitsDetailViewController.xib */,
				14E365B814AB2D7B0064CA5B /* FriendsViewController.h */,
				14E365B914AB2D7B0064CA5B /* FriendsViewController.m */,
				14E365BA14AB2D7B0064CA5B /* FriendsViewController.xib */,
				14EA76B014AAEC63009FF411 /* Groubit_iOSAppDelegate_iPhone.h */,
				14EA76B114AAEC63009FF411 /* Groubit_iOSAppDelegate_iPhone.m */,
				14EA76B314AAEC63009FF411 /* MainWindow_iPhone.xib */,
				2B09D8CB14DD155B00A76133 /* DebugViewController.h */,
				2B09D8CC14DD155B00A76133 /* DebugViewController.m */,
				2B09D8CD14DD155B00A76133 /* DebugViewController.xib */,
				2B2B1CBE14C9690F0068B36E /* TaipeiStation.h */,
				2B2B1CBF14C9690F0068B36E /* TaipeiStation.m */,
				14688F7014D7A96A006DAEBA /* HabitsTableController.h */,
				14688F7114D7A96A006DAEBA /* HabitsTableController.m */,
				14B6D51B14E5E6C7009B95A0 /* HabitsAddController.h */,
				14B6D51C14E5E6C7009B95A0 /* HabitsAddController.m */,
				14B6D51D14E5E6C7009B95A0 /* HabitsAddController.xib */,
				C63E0DAF14E61D350070E902 /* RegisterLoginViewController.h */,
				C63E0DB014E61D350070E902 /* RegisterLoginViewController.m */,
				C63E0DB114E61D350070E902 /* RegisterLoginViewController.xib */,
				14B6D51B14E5E6C7009B95A0 /* HabitsAddController.h */,
				14B6D51C14E5E6C7009B95A0 /* HabitsAddController.m */,
				14B6D51D14E5E6C7009B95A0 /* HabitsAddController.xib */,
			);
			name = iPhone;
			sourceTree = "<group>";
		};
		14EA76B614AAEC63009FF411 /* iPad */ = {
			isa = PBXGroup;
			children = (
				14EA76B714AAEC63009FF411 /* Groubit_iOSAppDelegate_iPad.h */,
				14EA76B814AAEC63009FF411 /* Groubit_iOSAppDelegate_iPad.m */,
				14EA76BA14AAEC63009FF411 /* MainWindow_iPad.xib */,
			);
			name = iPad;
			sourceTree = "<group>";
		};
		14EA76CB14AAEC63009FF411 /* Groubit_iOSTests */ = {
			isa = PBXGroup;
			children = (
				14EA76D114AAEC63009FF411 /* Groubit_iOSTests.h */,
				14EA76D314AAEC63009FF411 /* Groubit_iOSTests.m */,
				14EA76CC14AAEC63009FF411 /* Supporting Files */,
			);
			path = Groubit_iOSTests;
			sourceTree = "<group>";
		};
		14EA76CC14AAEC63009FF411 /* Supporting Files */ = {
			isa = PBXGroup;
			children = (
				14EA76CD14AAEC63009FF411 /* Groubit_iOSTests-Info.plist */,
				14EA76CE14AAEC63009FF411 /* InfoPlist.strings */,
			);
			name = "Supporting Files";
			sourceTree = "<group>";
		};
		2B926AFE14B93E4F002E03F7 /* DataModel */ = {
			isa = PBXGroup;
			children = (
				2BA968911512334E00FBA256 /* GBNotification.h */,
				2BA968921512334E00FBA256 /* GBNotification.m */,
				2B7B6A7E150BA3DF00CAECDD /* GBRelation.h */,
				2B7B6A7F150BA3DF00CAECDD /* GBRelation.m */,
				2B7B6A77150BA04C00CAECDD /* GBTask.h */,
				2B7B6A78150BA04C00CAECDD /* GBTask.m */,
				2BCBEAB614C9BA9A003359AF /* GBUser.h */,
				2BCBEAB714C9BA9A003359AF /* GBUser.m */,
				2BCBEAAC14C9BA99003359AF /* GBHabit.h */,
				2BCBEAAD14C9BA99003359AF /* GBHabit.m */,
				2BD0D85914AB260D004E1E49 /* TaskTypeObject.h */,
				2BD0D85A14AB260D004E1E49 /* TaskTypeObject.m */,
				2BD0D85514AB260D004E1E49 /* GBDataModelManager.h */,
				2BD0D85614AB260D004E1E49 /* GBDataModelManager.m */,
				2BD0D85714AB260D004E1E49 /* HabitTypeObject.h */,
				2BD0D85814AB260D004E1E49 /* HabitTypeObject.m */,
			);
			name = DataModel;
			sourceTree = "<group>";
		};
/* End PBXGroup section */

/* Begin PBXNativeTarget section */
		14EA769314AAEC63009FF411 /* Groubit_iOS */ = {
			isa = PBXNativeTarget;
			buildConfigurationList = 14EA76D714AAEC63009FF411 /* Build configuration list for PBXNativeTarget "Groubit_iOS" */;
			buildPhases = (
				14EA769014AAEC63009FF411 /* Sources */,
				14EA769114AAEC63009FF411 /* Frameworks */,
				14EA769214AAEC63009FF411 /* Resources */,
			);
			buildRules = (
			);
			dependencies = (
			);
			name = Groubit_iOS;
			productName = Groubit_iOS;
			productReference = 14EA769414AAEC63009FF411 /* Groubit_iOS.app */;
			productType = "com.apple.product-type.application";
		};
		14EA76C114AAEC63009FF411 /* Groubit_iOSTests */ = {
			isa = PBXNativeTarget;
			buildConfigurationList = 14EA76DA14AAEC63009FF411 /* Build configuration list for PBXNativeTarget "Groubit_iOSTests" */;
			buildPhases = (
				14EA76BD14AAEC63009FF411 /* Sources */,
				14EA76BE14AAEC63009FF411 /* Frameworks */,
				14EA76BF14AAEC63009FF411 /* Resources */,
				14EA76C014AAEC63009FF411 /* ShellScript */,
			);
			buildRules = (
			);
			dependencies = (
				14EA76CA14AAEC63009FF411 /* PBXTargetDependency */,
			);
			name = Groubit_iOSTests;
			productName = Groubit_iOSTests;
			productReference = 14EA76C214AAEC63009FF411 /* Groubit_iOSTests.octest */;
			productType = "com.apple.product-type.bundle";
		};
/* End PBXNativeTarget section */

/* Begin PBXProject section */
		14EA768B14AAEC63009FF411 /* Project object */ = {
			isa = PBXProject;
			attributes = {
				LastUpgradeCheck = 0420;
				ORGANIZATIONNAME = "UCB MIMS";
			};
			buildConfigurationList = 14EA768E14AAEC63009FF411 /* Build configuration list for PBXProject "Groubit_iOS" */;
			compatibilityVersion = "Xcode 3.2";
			developmentRegion = English;
			hasScannedForEncodings = 0;
			knownRegions = (
				en,
			);
			mainGroup = 14EA768914AAEC63009FF411;
			productRefGroup = 14EA769514AAEC63009FF411 /* Products */;
			projectDirPath = "";
			projectRoot = "";
			targets = (
				14EA769314AAEC63009FF411 /* Groubit_iOS */,
				14EA76C114AAEC63009FF411 /* Groubit_iOSTests */,
			);
		};
/* End PBXProject section */

/* Begin PBXResourcesBuildPhase section */
		14EA769214AAEC63009FF411 /* Resources */ = {
			isa = PBXResourcesBuildPhase;
			buildActionMask = 2147483647;
			files = (
				14EA76A514AAEC63009FF411 /* InfoPlist.strings in Resources */,
				14EA76B514AAEC63009FF411 /* MainWindow_iPhone.xib in Resources */,
				14EA76BC14AAEC63009FF411 /* MainWindow_iPad.xib in Resources */,
				14EA76F214AB201F009FF411 /* HabitsDetailViewController.xib in Resources */,
				14E365BC14AB2D7B0064CA5B /* FriendsViewController.xib in Resources */,
				2B09D8CF14DD155B00A76133 /* DebugViewController.xib in Resources */,
				14B6D51F14E5E6C7009B95A0 /* HabitsAddController.xib in Resources */,
				C63E0DB314E61D350070E902 /* RegisterLoginViewController.xib in Resources */,
				14B6D51F14E5E6C7009B95A0 /* HabitsAddController.xib in Resources */,
			);
			runOnlyForDeploymentPostprocessing = 0;
		};
		14EA76BF14AAEC63009FF411 /* Resources */ = {
			isa = PBXResourcesBuildPhase;
			buildActionMask = 2147483647;
			files = (
				14EA76D014AAEC63009FF411 /* InfoPlist.strings in Resources */,
				14EA76D214AAEC63009FF411 /* Groubit_iOSTests.h in Resources */,
			);
			runOnlyForDeploymentPostprocessing = 0;
		};
/* End PBXResourcesBuildPhase section */

/* Begin PBXShellScriptBuildPhase section */
		14EA76C014AAEC63009FF411 /* ShellScript */ = {
			isa = PBXShellScriptBuildPhase;
			buildActionMask = 2147483647;
			files = (
			);
			inputPaths = (
			);
			outputPaths = (
			);
			runOnlyForDeploymentPostprocessing = 0;
			shellPath = /bin/sh;
			shellScript = "# Run the unit tests in this test bundle.\n\"${SYSTEM_DEVELOPER_DIR}/Tools/RunUnitTests\"\n";
		};
/* End PBXShellScriptBuildPhase section */

/* Begin PBXSourcesBuildPhase section */
		14EA769014AAEC63009FF411 /* Sources */ = {
			isa = PBXSourcesBuildPhase;
			buildActionMask = 2147483647;
			files = (
				14EA76A714AAEC63009FF411 /* main.m in Sources */,
				14EA76AB14AAEC63009FF411 /* Groubit_iOSAppDelegate.m in Sources */,
				14EA76AE14AAEC63009FF411 /* Groubit_iOS.xcdatamodeld in Sources */,
				14EA76B214AAEC63009FF411 /* Groubit_iOSAppDelegate_iPhone.m in Sources */,
				14EA76B914AAEC63009FF411 /* Groubit_iOSAppDelegate_iPad.m in Sources */,
				2BD0D85B14AB260D004E1E49 /* GBDataModelManager.m in Sources */,
				14EA76F114AB201F009FF411 /* HabitsDetailViewController.m in Sources */,
				14E365BB14AB2D7B0064CA5B /* FriendsViewController.m in Sources */,
				2B2B1CC014C969100068B36E /* TaipeiStation.m in Sources */,
				2BCBEAAE14C9BA99003359AF /* GBHabit.m in Sources */,
				2BCBEAB814C9BA9A003359AF /* GBUser.m in Sources */,
				14688F7214D7A96A006DAEBA /* HabitsTableController.m in Sources */,
				2B09D8CE14DD155B00A76133 /* DebugViewController.m in Sources */,
				14B6D51E14E5E6C7009B95A0 /* HabitsAddController.m in Sources */,
				2B09D8D314DD1B4000A76133 /* DashboardViewController.m in Sources */,
				C63E0DB214E61D350070E902 /* RegisterLoginViewController.m in Sources */,
				2B7B6A79150BA04C00CAECDD /* GBTask.m in Sources */,
				2B7B6A80150BA3DF00CAECDD /* GBRelation.m in Sources */,
				2BA968931512334E00FBA256 /* GBNotification.m in Sources */,
			);
			runOnlyForDeploymentPostprocessing = 0;
		};
		14EA76BD14AAEC63009FF411 /* Sources */ = {
			isa = PBXSourcesBuildPhase;
			buildActionMask = 2147483647;
			files = (
				14EA76D414AAEC63009FF411 /* Groubit_iOSTests.m in Sources */,
			);
			runOnlyForDeploymentPostprocessing = 0;
		};
/* End PBXSourcesBuildPhase section */

/* Begin PBXTargetDependency section */
		14EA76CA14AAEC63009FF411 /* PBXTargetDependency */ = {
			isa = PBXTargetDependency;
			target = 14EA769314AAEC63009FF411 /* Groubit_iOS */;
			targetProxy = 14EA76C914AAEC63009FF411 /* PBXContainerItemProxy */;
		};
/* End PBXTargetDependency section */

/* Begin PBXVariantGroup section */
		14EA76A314AAEC63009FF411 /* InfoPlist.strings */ = {
			isa = PBXVariantGroup;
			children = (
				14EA76A414AAEC63009FF411 /* en */,
			);
			name = InfoPlist.strings;
			sourceTree = "<group>";
		};
		14EA76B314AAEC63009FF411 /* MainWindow_iPhone.xib */ = {
			isa = PBXVariantGroup;
			children = (
				14EA76B414AAEC63009FF411 /* en */,
			);
			name = MainWindow_iPhone.xib;
			sourceTree = "<group>";
		};
		14EA76BA14AAEC63009FF411 /* MainWindow_iPad.xib */ = {
			isa = PBXVariantGroup;
			children = (
				14EA76BB14AAEC63009FF411 /* en */,
			);
			name = MainWindow_iPad.xib;
			sourceTree = "<group>";
		};
		14EA76CE14AAEC63009FF411 /* InfoPlist.strings */ = {
			isa = PBXVariantGroup;
			children = (
				14EA76CF14AAEC63009FF411 /* en */,
			);
			name = InfoPlist.strings;
			sourceTree = "<group>";
		};
/* End PBXVariantGroup section */

/* Begin XCBuildConfiguration section */
		14EA76D514AAEC63009FF411 /* Debug */ = {
			isa = XCBuildConfiguration;
			buildSettings = {
				ALWAYS_SEARCH_USER_PATHS = NO;
				ARCHS = "$(ARCHS_STANDARD_32_BIT)";
				"CODE_SIGN_IDENTITY[sdk=iphoneos*]" = "iPhone Developer";
				COPY_PHASE_STRIP = NO;
				GCC_C_LANGUAGE_STANDARD = gnu99;
				GCC_DYNAMIC_NO_PIC = NO;
				GCC_OPTIMIZATION_LEVEL = 0;
				GCC_PREPROCESSOR_DEFINITIONS = (
					"DEBUG=1",
					"$(inherited)",
				);
				GCC_SYMBOLS_PRIVATE_EXTERN = NO;
				GCC_VERSION = com.apple.compilers.llvmgcc42;
				GCC_WARN_ABOUT_MISSING_PROTOTYPES = YES;
				GCC_WARN_ABOUT_RETURN_TYPE = YES;
				GCC_WARN_UNUSED_VARIABLE = YES;
				IPHONEOS_DEPLOYMENT_TARGET = 4.3;
				SDKROOT = iphoneos;
				TARGETED_DEVICE_FAMILY = "1,2";
			};
			name = Debug;
		};
		14EA76D614AAEC63009FF411 /* Release */ = {
			isa = XCBuildConfiguration;
			buildSettings = {
				ALWAYS_SEARCH_USER_PATHS = NO;
				ARCHS = "$(ARCHS_STANDARD_32_BIT)";
				"CODE_SIGN_IDENTITY[sdk=iphoneos*]" = "iPhone Developer";
				COPY_PHASE_STRIP = YES;
				GCC_C_LANGUAGE_STANDARD = gnu99;
				GCC_VERSION = com.apple.compilers.llvmgcc42;
				GCC_WARN_ABOUT_MISSING_PROTOTYPES = YES;
				GCC_WARN_ABOUT_RETURN_TYPE = YES;
				GCC_WARN_UNUSED_VARIABLE = YES;
				IPHONEOS_DEPLOYMENT_TARGET = 4.3;
				OTHER_CFLAGS = "-DNS_BLOCK_ASSERTIONS=1";
				SDKROOT = iphoneos;
				TARGETED_DEVICE_FAMILY = "1,2";
				VALIDATE_PRODUCT = YES;
			};
			name = Release;
		};
		14EA76D814AAEC63009FF411 /* Debug */ = {
			isa = XCBuildConfiguration;
			buildSettings = {
				FRAMEWORK_SEARCH_PATHS = (
					"$(inherited)",
					"\"$(SRCROOT)\"",
				);
				GCC_PRECOMPILE_PREFIX_HEADER = YES;
				GCC_PREFIX_HEADER = "Groubit_iOS/Groubit_iOS-Prefix.pch";
				GCC_VERSION = com.apple.compilers.llvm.clang.1_0;
				INFOPLIST_FILE = "Groubit_iOS/Groubit_iOS-Info.plist";
				IPHONEOS_DEPLOYMENT_TARGET = 4.3;
				PRODUCT_NAME = "$(TARGET_NAME)";
				TARGETED_DEVICE_FAMILY = "1,2";
				WRAPPER_EXTENSION = app;
			};
			name = Debug;
		};
		14EA76D914AAEC63009FF411 /* Release */ = {
			isa = XCBuildConfiguration;
			buildSettings = {
				FRAMEWORK_SEARCH_PATHS = (
					"$(inherited)",
					"\"$(SRCROOT)\"",
				);
				GCC_PRECOMPILE_PREFIX_HEADER = YES;
				GCC_PREFIX_HEADER = "Groubit_iOS/Groubit_iOS-Prefix.pch";
				GCC_VERSION = com.apple.compilers.llvm.clang.1_0;
				INFOPLIST_FILE = "Groubit_iOS/Groubit_iOS-Info.plist";
				IPHONEOS_DEPLOYMENT_TARGET = 4.3;
				PRODUCT_NAME = "$(TARGET_NAME)";
				TARGETED_DEVICE_FAMILY = "1,2";
				WRAPPER_EXTENSION = app;
			};
			name = Release;
		};
		14EA76DB14AAEC63009FF411 /* Debug */ = {
			isa = XCBuildConfiguration;
			buildSettings = {
				BUNDLE_LOADER = "$(BUILT_PRODUCTS_DIR)/Groubit_iOS.app/Groubit_iOS";
				FRAMEWORK_SEARCH_PATHS = (
					"$(SDKROOT)/Developer/Library/Frameworks",
					"$(DEVELOPER_LIBRARY_DIR)/Frameworks",
				);
				GCC_PRECOMPILE_PREFIX_HEADER = YES;
				GCC_PREFIX_HEADER = "Groubit_iOS/Groubit_iOS-Prefix.pch";
				GCC_VERSION = com.apple.compilers.llvm.clang.1_0;
				INFOPLIST_FILE = "Groubit_iOSTests/Groubit_iOSTests-Info.plist";
				PRODUCT_NAME = "$(TARGET_NAME)";
				TEST_HOST = "$(BUNDLE_LOADER)";
				WRAPPER_EXTENSION = octest;
			};
			name = Debug;
		};
		14EA76DC14AAEC63009FF411 /* Release */ = {
			isa = XCBuildConfiguration;
			buildSettings = {
				BUNDLE_LOADER = "$(BUILT_PRODUCTS_DIR)/Groubit_iOS.app/Groubit_iOS";
				FRAMEWORK_SEARCH_PATHS = (
					"$(SDKROOT)/Developer/Library/Frameworks",
					"$(DEVELOPER_LIBRARY_DIR)/Frameworks",
				);
				GCC_PRECOMPILE_PREFIX_HEADER = YES;
				GCC_PREFIX_HEADER = "Groubit_iOS/Groubit_iOS-Prefix.pch";
				GCC_VERSION = com.apple.compilers.llvm.clang.1_0;
				INFOPLIST_FILE = "Groubit_iOSTests/Groubit_iOSTests-Info.plist";
				PRODUCT_NAME = "$(TARGET_NAME)";
				TEST_HOST = "$(BUNDLE_LOADER)";
				WRAPPER_EXTENSION = octest;
			};
			name = Release;
		};
/* End XCBuildConfiguration section */

/* Begin XCConfigurationList section */
		14EA768E14AAEC63009FF411 /* Build configuration list for PBXProject "Groubit_iOS" */ = {
			isa = XCConfigurationList;
			buildConfigurations = (
				14EA76D514AAEC63009FF411 /* Debug */,
				14EA76D614AAEC63009FF411 /* Release */,
			);
			defaultConfigurationIsVisible = 0;
			defaultConfigurationName = Release;
		};
		14EA76D714AAEC63009FF411 /* Build configuration list for PBXNativeTarget "Groubit_iOS" */ = {
			isa = XCConfigurationList;
			buildConfigurations = (
				14EA76D814AAEC63009FF411 /* Debug */,
				14EA76D914AAEC63009FF411 /* Release */,
			);
			defaultConfigurationIsVisible = 0;
			defaultConfigurationName = Release;
		};
		14EA76DA14AAEC63009FF411 /* Build configuration list for PBXNativeTarget "Groubit_iOSTests" */ = {
			isa = XCConfigurationList;
			buildConfigurations = (
				14EA76DB14AAEC63009FF411 /* Debug */,
				14EA76DC14AAEC63009FF411 /* Release */,
			);
			defaultConfigurationIsVisible = 0;
			defaultConfigurationName = Release;
		};
/* End XCConfigurationList section */

/* Begin XCVersionGroup section */
		14EA76AC14AAEC63009FF411 /* Groubit_iOS.xcdatamodeld */ = {
			isa = XCVersionGroup;
			children = (
				14EA76AD14AAEC63009FF411 /* Groubit_iOS.xcdatamodel */,
			);
			currentVersion = 14EA76AD14AAEC63009FF411 /* Groubit_iOS.xcdatamodel */;
			path = Groubit_iOS.xcdatamodeld;
			sourceTree = "<group>";
			versionGroupType = wrapper.xcdatamodel;
		};
/* End XCVersionGroup section */
	};
	rootObject = 14EA768B14AAEC63009FF411 /* Project object */;
}
